// !$*UTF8*$!
{
	archiveVersion = 1;
	classes = {
	};
	objectVersion = 56;
	objects = {

/* Begin PBXBuildFile section */
		C051AE5B2C5406520067C253 /* main.cpp in Sources */ = {isa = PBXBuildFile; fileRef = C051AE5A2C5406520067C253 /* main.cpp */; };
		C051AE672C54083D0067C253 /* libsfml-audio.2.6.1.dylib in Frameworks */ = {isa = PBXBuildFile; fileRef = C051AE622C54083D0067C253 /* libsfml-audio.2.6.1.dylib */; };
		C051AE682C54083D0067C253 /* libsfml-network.2.6.1.dylib in Frameworks */ = {isa = PBXBuildFile; fileRef = C051AE632C54083D0067C253 /* libsfml-network.2.6.1.dylib */; };
		C051AE692C54083D0067C253 /* libsfml-graphics.2.6.1.dylib in Frameworks */ = {isa = PBXBuildFile; fileRef = C051AE642C54083D0067C253 /* libsfml-graphics.2.6.1.dylib */; };
		C051AE6A2C54083D0067C253 /* libsfml-system.2.6.1.dylib in Frameworks */ = {isa = PBXBuildFile; fileRef = C051AE652C54083D0067C253 /* libsfml-system.2.6.1.dylib */; };
		C051AE6B2C54083D0067C253 /* libsfml-window.2.6.1.dylib in Frameworks */ = {isa = PBXBuildFile; fileRef = C051AE662C54083D0067C253 /* libsfml-window.2.6.1.dylib */; };
/* End PBXBuildFile section */

/* Begin PBXCopyFilesBuildPhase section */
		C051AE552C5406520067C253 /* CopyFiles */ = {
			isa = PBXCopyFilesBuildPhase;
			buildActionMask = 2147483647;
			dstPath = /usr/share/man/man1/;
			dstSubfolderSpec = 0;
			files = (
			);
			runOnlyForDeploymentPostprocessing = 1;
		};
/* End PBXCopyFilesBuildPhase section */

/* Begin PBXFileReference section */
		C051AE572C5406520067C253 /* SFML Template */ = {isa = PBXFileReference; explicitFileType = "compiled.mach-o.executable"; includeInIndex = 0; path = "SFML Template"; sourceTree = BUILT_PRODUCTS_DIR; };
		C051AE5A2C5406520067C253 /* main.cpp */ = {isa = PBXFileReference; lastKnownFileType = sourcecode.cpp.cpp; path = main.cpp; sourceTree = "<group>"; };
		C051AE622C54083D0067C253 /* libsfml-audio.2.6.1.dylib */ = {isa = PBXFileReference; lastKnownFileType = "compiled.mach-o.dylib"; name = "libsfml-audio.2.6.1.dylib"; path = "../External Libraries/SFML/lib/libsfml-audio.2.6.1.dylib"; sourceTree = "<group>"; };
		C051AE632C54083D0067C253 /* libsfml-network.2.6.1.dylib */ = {isa = PBXFileReference; lastKnownFileType = "compiled.mach-o.dylib"; name = "libsfml-network.2.6.1.dylib"; path = "../External Libraries/SFML/lib/libsfml-network.2.6.1.dylib"; sourceTree = "<group>"; };
		C051AE642C54083D0067C253 /* libsfml-graphics.2.6.1.dylib */ = {isa = PBXFileReference; lastKnownFileType = "compiled.mach-o.dylib"; name = "libsfml-graphics.2.6.1.dylib"; path = "../External Libraries/SFML/lib/libsfml-graphics.2.6.1.dylib"; sourceTree = "<group>"; };
		C051AE652C54083D0067C253 /* libsfml-system.2.6.1.dylib */ = {isa = PBXFileReference; lastKnownFileType = "compiled.mach-o.dylib"; name = "libsfml-system.2.6.1.dylib"; path = "../External Libraries/SFML/lib/libsfml-system.2.6.1.dylib"; sourceTree = "<group>"; };
		C051AE662C54083D0067C253 /* libsfml-window.2.6.1.dylib */ = {isa = PBXFileReference; lastKnownFileType = "compiled.mach-o.dylib"; name = "libsfml-window.2.6.1.dylib"; path = "../External Libraries/SFML/lib/libsfml-window.2.6.1.dylib"; sourceTree = "<group>"; };
/* End PBXFileReference section */

/* Begin PBXFrameworksBuildPhase section */
		C051AE542C5406520067C253 /* Frameworks */ = {
			isa = PBXFrameworksBuildPhase;
			buildActionMask = 2147483647;
			files = (
				C051AE672C54083D0067C253 /* libsfml-audio.2.6.1.dylib in Frameworks */,
				C051AE682C54083D0067C253 /* libsfml-network.2.6.1.dylib in Frameworks */,
				C051AE692C54083D0067C253 /* libsfml-graphics.2.6.1.dylib in Frameworks */,
				C051AE6A2C54083D0067C253 /* libsfml-system.2.6.1.dylib in Frameworks */,
				C051AE6B2C54083D0067C253 /* libsfml-window.2.6.1.dylib in Frameworks */,
			);
			runOnlyForDeploymentPostprocessing = 0;
		};
/* End PBXFrameworksBuildPhase section */

/* Begin PBXGroup section */
		C051AE4E2C5406520067C253 = {
			isa = PBXGroup;
			children = (
				C051AE592C5406520067C253 /* SFML Template */,
				C051AE582C5406520067C253 /* Products */,
				C051AE612C54083D0067C253 /* Frameworks */,
			);
			sourceTree = "<group>";
		};
		C051AE582C5406520067C253 /* Products */ = {
			isa = PBXGroup;
			children = (
				C051AE572C5406520067C253 /* SFML Template */,
			);
			name = Products;
			sourceTree = "<group>";
		};
		C051AE592C5406520067C253 /* SFML Template */ = {
			isa = PBXGroup;
			children = (
				C051AE5A2C5406520067C253 /* main.cpp */,
			);
			path = "SFML Template";
			sourceTree = "<group>";
		};
		C051AE612C54083D0067C253 /* Frameworks */ = {
			isa = PBXGroup;
			children = (
				C051AE622C54083D0067C253 /* libsfml-audio.2.6.1.dylib */,
				C051AE642C54083D0067C253 /* libsfml-graphics.2.6.1.dylib */,
				C051AE632C54083D0067C253 /* libsfml-network.2.6.1.dylib */,
				C051AE652C54083D0067C253 /* libsfml-system.2.6.1.dylib */,
				C051AE662C54083D0067C253 /* libsfml-window.2.6.1.dylib */,
			);
			name = Frameworks;
			sourceTree = "<group>";
		};
/* End PBXGroup section */

/* Begin PBXNativeTarget section */
		C051AE562C5406520067C253 /* SFML Template */ = {
			isa = PBXNativeTarget;
			buildConfigurationList = C051AE5E2C5406520067C253 /* Build configuration list for PBXNativeTarget "SFML Template" */;
			buildPhases = (
				C051AE532C5406520067C253 /* Sources */,
				C051AE542C5406520067C253 /* Frameworks */,
				C051AE552C5406520067C253 /* CopyFiles */,
			);
			buildRules = (
			);
			dependencies = (
			);
			name = "SFML Template";
			productName = "SFML Template";
			productReference = C051AE572C5406520067C253 /* SFML Template */;
			productType = "com.apple.product-type.tool";
		};
/* End PBXNativeTarget section */

/* Begin PBXProject section */
		C051AE4F2C5406520067C253 /* Project object */ = {
			isa = PBXProject;
			attributes = {
				BuildIndependentTargetsInParallel = 1;
				LastUpgradeCheck = 1500;
				TargetAttributes = {
					C051AE562C5406520067C253 = {
						CreatedOnToolsVersion = 15.0.1;
					};
				};
			};
			buildConfigurationList = C051AE522C5406520067C253 /* Build configuration list for PBXProject "SFML Template" */;
			compatibilityVersion = "Xcode 14.0";
			developmentRegion = en;
			hasScannedForEncodings = 0;
			knownRegions = (
				en,
				Base,
			);
			mainGroup = C051AE4E2C5406520067C253;
			productRefGroup = C051AE582C5406520067C253 /* Products */;
			projectDirPath = "";
			projectRoot = "";
			targets = (
				C051AE562C5406520067C253 /* SFML Template */,
			);
		};
/* End PBXProject section */

/* Begin PBXSourcesBuildPhase section */
		C051AE532C5406520067C253 /* Sources */ = {
			isa = PBXSourcesBuildPhase;
			buildActionMask = 2147483647;
			files = (
				C051AE5B2C5406520067C253 /* main.cpp in Sources */,
			);
			runOnlyForDeploymentPostprocessing = 0;
		};
/* End PBXSourcesBuildPhase section */

/* Begin XCBuildConfiguration section */
		C051AE5C2C5406520067C253 /* Debug */ = {
			isa = XCBuildConfiguration;
			buildSettings = {
				ALWAYS_SEARCH_USER_PATHS = NO;
				ASSETCATALOG_COMPILER_GENERATE_SWIFT_ASSET_SYMBOL_EXTENSIONS = YES;
				CLANG_ANALYZER_NONNULL = YES;
				CLANG_ANALYZER_NUMBER_OBJECT_CONVERSION = YES_AGGRESSIVE;
				CLANG_CXX_LANGUAGE_STANDARD = "gnu++20";
				CLANG_ENABLE_MODULES = YES;
				CLANG_ENABLE_OBJC_ARC = YES;
				CLANG_ENABLE_OBJC_WEAK = YES;
				CLANG_WARN_BLOCK_CAPTURE_AUTORELEASING = YES;
				CLANG_WARN_BOOL_CONVERSION = YES;
				CLANG_WARN_COMMA = YES;
				CLANG_WARN_CONSTANT_CONVERSION = YES;
				CLANG_WARN_DEPRECATED_OBJC_IMPLEMENTATIONS = YES;
				CLANG_WARN_DIRECT_OBJC_ISA_USAGE = YES_ERROR;
				CLANG_WARN_DOCUMENTATION_COMMENTS = YES;
				CLANG_WARN_EMPTY_BODY = YES;
				CLANG_WARN_ENUM_CONVERSION = YES;
				CLANG_WARN_INFINITE_RECURSION = YES;
				CLANG_WARN_INT_CONVERSION = YES;
				CLANG_WARN_NON_LITERAL_NULL_CONVERSION = YES;
				CLANG_WARN_OBJC_IMPLICIT_RETAIN_SELF = YES;
				CLANG_WARN_OBJC_LITERAL_CONVERSION = YES;
				CLANG_WARN_OBJC_ROOT_CLASS = YES_ERROR;
				CLANG_WARN_QUOTED_INCLUDE_IN_FRAMEWORK_HEADER = YES;
				CLANG_WARN_RANGE_LOOP_ANALYSIS = YES;
				CLANG_WARN_STRICT_PROTOTYPES = YES;
				CLANG_WARN_SUSPICIOUS_MOVE = YES;
				CLANG_WARN_UNGUARDED_AVAILABILITY = YES_AGGRESSIVE;
				CLANG_WARN_UNREACHABLE_CODE = YES;
				CLANG_WARN__DUPLICATE_METHOD_MATCH = YES;
				COPY_PHASE_STRIP = NO;
				DEBUG_INFORMATION_FORMAT = dwarf;
				ENABLE_STRICT_OBJC_MSGSEND = YES;
				ENABLE_TESTABILITY = YES;
				ENABLE_USER_SCRIPT_SANDBOXING = YES;
				GCC_C_LANGUAGE_STANDARD = gnu17;
				GCC_DYNAMIC_NO_PIC = NO;
				GCC_NO_COMMON_BLOCKS = YES;
				GCC_OPTIMIZATION_LEVEL = 0;
				GCC_PREPROCESSOR_DEFINITIONS = (
					"DEBUG=1",
					"$(inherited)",
				);
				GCC_WARN_64_TO_32_BIT_CONVERSION = YES;
				GCC_WARN_ABOUT_RETURN_TYPE = YES_ERROR;
				GCC_WARN_UNDECLARED_SELECTOR = YES;
				GCC_WARN_UNINITIALIZED_AUTOS = YES_AGGRESSIVE;
				GCC_WARN_UNUSED_FUNCTION = YES;
				GCC_WARN_UNUSED_VARIABLE = YES;
				LOCALIZATION_PREFERS_STRING_CATALOGS = YES;
				MACOSX_DEPLOYMENT_TARGET = 14.0;
				MTL_ENABLE_DEBUG_INFO = INCLUDE_SOURCE;
				MTL_FAST_MATH = YES;
				ONLY_ACTIVE_ARCH = YES;
				SDKROOT = macosx;
			};
			name = Debug;
		};
		C051AE5D2C5406520067C253 /* Release */ = {
			isa = XCBuildConfiguration;
			buildSettings = {
				ALWAYS_SEARCH_USER_PATHS = NO;
				ASSETCATALOG_COMPILER_GENERATE_SWIFT_ASSET_SYMBOL_EXTENSIONS = YES;
				CLANG_ANALYZER_NONNULL = YES;
				CLANG_ANALYZER_NUMBER_OBJECT_CONVERSION = YES_AGGRESSIVE;
				CLANG_CXX_LANGUAGE_STANDARD = "gnu++20";
				CLANG_ENABLE_MODULES = YES;
				CLANG_ENABLE_OBJC_ARC = YES;
				CLANG_ENABLE_OBJC_WEAK = YES;
				CLANG_WARN_BLOCK_CAPTURE_AUTORELEASING = YES;
				CLANG_WARN_BOOL_CONVERSION = YES;
				CLANG_WARN_COMMA = YES;
				CLANG_WARN_CONSTANT_CONVERSION = YES;
				CLANG_WARN_DEPRECATED_OBJC_IMPLEMENTATIONS = YES;
				CLANG_WARN_DIRECT_OBJC_ISA_USAGE = YES_ERROR;
				CLANG_WARN_DOCUMENTATION_COMMENTS = YES;
				CLANG_WARN_EMPTY_BODY = YES;
				CLANG_WARN_ENUM_CONVERSION = YES;
				CLANG_WARN_INFINITE_RECURSION = YES;
				CLANG_WARN_INT_CONVERSION = YES;
				CLANG_WARN_NON_LITERAL_NULL_CONVERSION = YES;
				CLANG_WARN_OBJC_IMPLICIT_RETAIN_SELF = YES;
				CLANG_WARN_OBJC_LITERAL_CONVERSION = YES;
				CLANG_WARN_OBJC_ROOT_CLASS = YES_ERROR;
				CLANG_WARN_QUOTED_INCLUDE_IN_FRAMEWORK_HEADER = YES;
				CLANG_WARN_RANGE_LOOP_ANALYSIS = YES;
				CLANG_WARN_STRICT_PROTOTYPES = YES;
				CLANG_WARN_SUSPICIOUS_MOVE = YES;
				CLANG_WARN_UNGUARDED_AVAILABILITY = YES_AGGRESSIVE;
				CLANG_WARN_UNREACHABLE_CODE = YES;
				CLANG_WARN__DUPLICATE_METHOD_MATCH = YES;
				COPY_PHASE_STRIP = NO;
				DEBUG_INFORMATION_FORMAT = "dwarf-with-dsym";
				ENABLE_NS_ASSERTIONS = NO;
				ENABLE_STRICT_OBJC_MSGSEND = YES;
				ENABLE_USER_SCRIPT_SANDBOXING = YES;
				GCC_C_LANGUAGE_STANDARD = gnu17;
				GCC_NO_COMMON_BLOCKS = YES;
				GCC_WARN_64_TO_32_BIT_CONVERSION = YES;
				GCC_WARN_ABOUT_RETURN_TYPE = YES_ERROR;
				GCC_WARN_UNDECLARED_SELECTOR = YES;
				GCC_WARN_UNINITIALIZED_AUTOS = YES_AGGRESSIVE;
				GCC_WARN_UNUSED_FUNCTION = YES;
				GCC_WARN_UNUSED_VARIABLE = YES;
				LOCALIZATION_PREFERS_STRING_CATALOGS = YES;
				MACOSX_DEPLOYMENT_TARGET = 14.0;
				MTL_ENABLE_DEBUG_INFO = NO;
				MTL_FAST_MATH = YES;
				SDKROOT = macosx;
			};
			name = Release;
		};
		C051AE5F2C5406520067C253 /* Debug */ = {
			isa = XCBuildConfiguration;
			buildSettings = {
				CODE_SIGN_STYLE = Automatic;
				DEVELOPMENT_TEAM = B227J6UGUP;
				ENABLE_HARDENED_RUNTIME = YES;
				HEADER_SEARCH_PATHS = "\"${SRCROOT}/../External Libraries/SFML/include\"";
				LIBRARY_SEARCH_PATHS = "\"${SRCROOT}/../External Libraries/SFML/lib\"";
				PRODUCT_NAME = "$(TARGET_NAME)";
			};
			name = Debug;
		};
		C051AE602C5406520067C253 /* Release */ = {
			isa = XCBuildConfiguration;
			buildSettings = {
				CODE_SIGN_STYLE = Automatic;
				DEVELOPMENT_TEAM = B227J6UGUP;
				ENABLE_HARDENED_RUNTIME = YES;
				HEADER_SEARCH_PATHS = "\"${SRCROOT}/../External Libraries/SFML/include\"";
				LIBRARY_SEARCH_PATHS = "\"${SRCROOT}/../External Libraries/SFML/lib\"";
				PRODUCT_NAME = "$(TARGET_NAME)";
			};
			name = Release;
		};
/* End XCBuildConfiguration section */

/* Begin XCConfigurationList section */
		C051AE522C5406520067C253 /* Build configuration list for PBXProject "SFML Template" */ = {
			isa = XCConfigurationList;
			buildConfigurations = (
				C051AE5C2C5406520067C253 /* Debug */,
				C051AE5D2C5406520067C253 /* Release */,
			);
			defaultConfigurationIsVisible = 0;
			defaultConfigurationName = Release;
		};
		C051AE5E2C5406520067C253 /* Build configuration list for PBXNativeTarget "SFML Template" */ = {
			isa = XCConfigurationList;
			buildConfigurations = (
				C051AE5F2C5406520067C253 /* Debug */,
				C051AE602C5406520067C253 /* Release */,
			);
			defaultConfigurationIsVisible = 0;
			defaultConfigurationName = Release;
		};
/* End XCConfigurationList section */
	};
	rootObject = C051AE4F2C5406520067C253 /* Project object */;
}
